// !$*UTF8*$!
{
	objects = {
/* Begin XCBuildConfiguration section */
		13B07F941A680F5B01A75B9A /* Debug */ = {
			isa = XCBuildConfiguration;
			buildSettings = {
				MARKETING_VERSION = 1.0.0;
				CURRENT_PROJECT_VERSION = 31;
			};
			name = Debug;
		};
		13B07F951A680F5B01A75B9A /* Release */ = {
			isa = XCBuildConfiguration;
			buildSettings = {
				MARKETING_VERSION = 1.0.0;
				CURRENT_PROJECT_VERSION = 31;
			};
			name = Release;
		};
/* End XCBuildConfiguration section */
	};
}
